
Microsoft Visual Studio Solution File, Format Version 12.00
# Visual Studio Version 17
VisualStudioVersion = 17.14.36414.22 d17.14
MinimumVisualStudioVersion = 10.0.40219.1
Project("{FAE04EC0-301F-11D3-BF4B-00C04F79EFBC}") = "CalculatorWebServiceDemo", "CalculatorWebServiceDemo\CalculatorWebServiceDemo.csproj", "{F77B5238-1062-4E7D-A19D-ABF2FF32B757}"
EndProject
Global
	GlobalSection(SolutionConfigurationPlatforms) = preSolution
		Debug|Any CPU = Debug|Any CPU
		Release|Any CPU = Release|Any CPU
	EndGlobalSection
	GlobalSection(ProjectConfigurationPlatforms) = postSolution
		{F77B5238-1062-4E7D-A19D-ABF2FF32B757}.Debug|Any CPU.ActiveCfg = Debug|Any CPU
		{F77B5238-1062-4E7D-A19D-ABF2FF32B757}.Debug|Any CPU.Build.0 = Debug|Any CPU
		{F77B5238-1062-4E7D-A19D-ABF2FF32B757}.Release|Any CPU.ActiveCfg = Release|Any CPU
		{F77B5238-1062-4E7D-A19D-ABF2FF32B757}.Release|Any CPU.Build.0 = Release|Any CPU
	EndGlobalSection
	GlobalSection(SolutionProperties) = preSolution
		HideSolutionNode = FALSE
	EndGlobalSection
	GlobalSection(ExtensibilityGlobals) = postSolution
		SolutionGuid = {1D4B6EE5-308A-4F13-9F96-E6A3F8448297}
	EndGlobalSection
EndGlobal
