
Microsoft Visual Studio Solution File, Format Version 12.00
# Visual Studio Version 17
VisualStudioVersion = 17.14.36414.22 d17.14
MinimumVisualStudioVersion = 10.0.40219.1
Project("{FAE04EC0-301F-11D3-BF4B-00C04F79EFBC}") = "insertSQl", "insertSQl\insertSQl.csproj", "{5CA6F2A3-008E-4194-B013-0D8732C0785C}"
EndProject
Global
	GlobalSection(SolutionConfigurationPlatforms) = preSolution
		Debug|Any CPU = Debug|Any CPU
		Release|Any CPU = Release|Any CPU
	EndGlobalSection
	GlobalSection(ProjectConfigurationPlatforms) = postSolution
		{5CA6F2A3-008E-4194-B013-0D8732C0785C}.Debug|Any CPU.ActiveCfg = Debug|Any CPU
		{5CA6F2A3-008E-4194-B013-0D8732C0785C}.Debug|Any CPU.Build.0 = Debug|Any CPU
		{5CA6F2A3-008E-4194-B013-0D8732C0785C}.Release|Any CPU.ActiveCfg = Release|Any CPU
		{5CA6F2A3-008E-4194-B013-0D8732C0785C}.Release|Any CPU.Build.0 = Release|Any CPU
	EndGlobalSection
	GlobalSection(SolutionProperties) = preSolution
		HideSolutionNode = FALSE
	EndGlobalSection
	GlobalSection(ExtensibilityGlobals) = postSolution
		SolutionGuid = {0CBC67A7-8B53-41F6-9EB9-E4A7FCCCE21A}
	EndGlobalSection
EndGlobal
