
Microsoft Visual Studio Solution File, Format Version 12.00
# Visual Studio Version 17
VisualStudioVersion = 17.14.36414.22 d17.14
MinimumVisualStudioVersion = 10.0.40219.1
Project("{FAE04EC0-301F-11D3-BF4B-00C04F79EFBC}") = "validation", "validation\validation.csproj", "{450092E5-3292-4430-85AA-CC2A2C167431}"
EndProject
Global
	GlobalSection(SolutionConfigurationPlatforms) = preSolution
		Debug|Any CPU = Debug|Any CPU
		Release|Any CPU = Release|Any CPU
	EndGlobalSection
	GlobalSection(ProjectConfigurationPlatforms) = postSolution
		{450092E5-3292-4430-85AA-CC2A2C167431}.Debug|Any CPU.ActiveCfg = Debug|Any CPU
		{450092E5-3292-4430-85AA-CC2A2C167431}.Debug|Any CPU.Build.0 = Debug|Any CPU
		{450092E5-3292-4430-85AA-CC2A2C167431}.Release|Any CPU.ActiveCfg = Release|Any CPU
		{450092E5-3292-4430-85AA-CC2A2C167431}.Release|Any CPU.Build.0 = Release|Any CPU
	EndGlobalSection
	GlobalSection(SolutionProperties) = preSolution
		HideSolutionNode = FALSE
	EndGlobalSection
	GlobalSection(ExtensibilityGlobals) = postSolution
		SolutionGuid = {0511D1A5-755F-45D6-970C-81A39C2447B2}
	EndGlobalSection
EndGlobal
