
Microsoft Visual Studio Solution File, Format Version 12.00
# Visual Studio Version 17
VisualStudioVersion = 17.14.36414.22 d17.14
MinimumVisualStudioVersion = 10.0.40219.1
Project("{FAE04EC0-301F-11D3-BF4B-00C04F79EFBC}") = "CalculatorService", "CalculatorService\CalculatorService.csproj", "{80A05B6F-D75A-4F5F-AAFC-B3AA4526C91F}"
EndProject
Global
	GlobalSection(SolutionConfigurationPlatforms) = preSolution
		Debug|Any CPU = Debug|Any CPU
		Release|Any CPU = Release|Any CPU
	EndGlobalSection
	GlobalSection(ProjectConfigurationPlatforms) = postSolution
		{80A05B6F-D75A-4F5F-AAFC-B3AA4526C91F}.Debug|Any CPU.ActiveCfg = Debug|Any CPU
		{80A05B6F-D75A-4F5F-AAFC-B3AA4526C91F}.Debug|Any CPU.Build.0 = Debug|Any CPU
		{80A05B6F-D75A-4F5F-AAFC-B3AA4526C91F}.Release|Any CPU.ActiveCfg = Release|Any CPU
		{80A05B6F-D75A-4F5F-AAFC-B3AA4526C91F}.Release|Any CPU.Build.0 = Release|Any CPU
	EndGlobalSection
	GlobalSection(SolutionProperties) = preSolution
		HideSolutionNode = FALSE
	EndGlobalSection
	GlobalSection(ExtensibilityGlobals) = postSolution
		SolutionGuid = {FDE4B1A6-C968-42C8-B2AD-B36A477E7090}
	EndGlobalSection
EndGlobal
